
Microsoft Visual Studio Solution File, Format Version 12.00
# Visual Studio Version 17
VisualStudioVersion = 17.3.32929.385
MinimumVisualStudioVersion = 10.0.40219.1
Project("{9A19103F-16F7-4668-BE54-9A1E7A4F7556}") = "WebUI", "WebUI\WebUI.csproj", "{7EE673F1-8139-4D5D-9BD5-3FDFC658CEE1}"
EndProject
Project("{9A19103F-16F7-4668-BE54-9A1E7A4F7556}") = "Core", "Core\Core.csproj", "{85008BA8-7318-423F-8403-C78991B566EC}"
EndProject
Project("{9A19103F-16F7-4668-BE54-9A1E7A4F7556}") = "DataAccess", "DataAccess\DataAccess.csproj", "{DCC9718B-0AE6-45F4-BBE4-59BD5144D09F}"
EndProject
Global
	GlobalSection(SolutionConfigurationPlatforms) = preSolution
		Debug|Any CPU = Debug|Any CPU
		Release|Any CPU = Release|Any CPU
	EndGlobalSection
	GlobalSection(ProjectConfigurationPlatforms) = postSolution
		{7EE673F1-8139-4D5D-9BD5-3FDFC658CEE1}.Debug|Any CPU.ActiveCfg = Debug|Any CPU
		{7EE673F1-8139-4D5D-9BD5-3FDFC658CEE1}.Debug|Any CPU.Build.0 = Debug|Any CPU
		{7EE673F1-8139-4D5D-9BD5-3FDFC658CEE1}.Release|Any CPU.ActiveCfg = Release|Any CPU
		{7EE673F1-8139-4D5D-9BD5-3FDFC658CEE1}.Release|Any CPU.Build.0 = Release|Any CPU
		{85008BA8-7318-423F-8403-C78991B566EC}.Debug|Any CPU.ActiveCfg = Debug|Any CPU
		{85008BA8-7318-423F-8403-C78991B566EC}.Debug|Any CPU.Build.0 = Debug|Any CPU
		{85008BA8-7318-423F-8403-C78991B566EC}.Release|Any CPU.ActiveCfg = Release|Any CPU
		{85008BA8-7318-423F-8403-C78991B566EC}.Release|Any CPU.Build.0 = Release|Any CPU
		{DCC9718B-0AE6-45F4-BBE4-59BD5144D09F}.Debug|Any CPU.ActiveCfg = Debug|Any CPU
		{DCC9718B-0AE6-45F4-BBE4-59BD5144D09F}.Debug|Any CPU.Build.0 = Debug|Any CPU
		{DCC9718B-0AE6-45F4-BBE4-59BD5144D09F}.Release|Any CPU.ActiveCfg = Release|Any CPU
		{DCC9718B-0AE6-45F4-BBE4-59BD5144D09F}.Release|Any CPU.Build.0 = Release|Any CPU
	EndGlobalSection
	GlobalSection(SolutionProperties) = preSolution
		HideSolutionNode = FALSE
	EndGlobalSection
	GlobalSection(ExtensibilityGlobals) = postSolution
		SolutionGuid = {18268688-BE10-4288-8739-7AC9CF2ABD5E}
	EndGlobalSection
EndGlobal
